{
  "version": 1,
  "dependencies": {
    "net10.0": {
      "Microsoft.Extensions.Hosting.Abstractions": {
        "type": "Direct",
        "requested": "[10.0.0, )",
        "resolved": "10.0.0",
        "contentHash": "KrN6TGFwCwqOkLLk/idW/XtDQh+8In+CL9T4M1Dx+5ScsjTq4TlVbal8q532m82UYrMr6RiQJF2HvYCN0QwVsA==",
        "dependencies": {
          "Microsoft.Extensions.Configuration.Abstractions": "10.0.0",
          "Microsoft.Extensions.DependencyInjection.Abstractions": "10.0.0",
          "Microsoft.Extensions.Diagnostics.Abstractions": "10.0.0",
          "Microsoft.Extensions.FileProviders.Abstractions": "10.0.0",
          "Microsoft.Extensions.Logging.Abstractions": "10.0.0"
        }
      },
      "Microsoft.Extensions.Options.ConfigurationExtensions": {
        "type": "Direct",
        "requested": "[10.0.0, )",
        "resolved": "10.0.0",
        "contentHash": "tL9cSl3maS5FPzp/3MtlZI21ExWhni0nnUCF8HY4npTsINw45n9SNDbkKXBMtFyUFGSsQep25fHIDN4f/Vp3AQ==",
        "dependencies": {
          "Microsoft.Extensions.Configuration.Abstractions": "10.0.0",
          "Microsoft.Extensions.Configuration.Binder": "10.0.0",
          "Microsoft.Extensions.DependencyInjection.Abstractions": "10.0.0",
          "Microsoft.Extensions.Options": "10.0.0",
          "Microsoft.Extensions.Primitives": "10.0.0"
        }
      },
      "NATS.Net": {
        "type": "Direct",
        "requested": "[3.0.1, )",
        "resolved": "3.0.1",
        "contentHash": "EMVo1u6WlaG5i5ncTdh6ez55TCgcgG4M7G2mXMa3KUKf0aDEYl3RZ0NTYwxlXKgZzVf0bboaM27KEylw8SMZ6w==",
        "dependencies": {
          "NATS.Client.Core": "3.0.1",
          "NATS.Client.Hosting": "3.0.1",
          "NATS.Client.JetStream": "3.0.1",
          "NATS.Client.KeyValueStore": "3.0.1",
          "NATS.Client.ObjectStore": "3.0.1",
          "NATS.Client.Serializers.Json": "3.0.1",
          "NATS.Client.Services": "3.0.1",
          "NATS.Client.Simplified": "3.0.1",
          "NATS.Extensions.Microsoft.DependencyInjection": "3.0.1"
        }
      },
      "Microsoft.Extensions.Configuration": {
        "type": "Transitive",
        "resolved": "10.0.0",
        "contentHash": "H4SWETCh/cC5L1WtWchHR6LntGk3rDTTznZMssr4cL8IbDmMWBxY+MOGDc/ASnqNolLKPIWHWeuC1ddiL/iNPw==",
        "dependencies": {
          "Microsoft.Extensions.Configuration.Abstractions": "10.0.0",
          "Microsoft.Extensions.Primitives": "10.0.0"
        }
      },
      "Microsoft.Extensions.Configuration.Abstractions": {
        "type": "Transitive",
        "resolved": "10.0.0",
        "contentHash": "d2kDKnCsJvY7mBVhcjPSp9BkJk48DsaHPg5u+Oy4f8XaOqnEedRy/USyvnpHL92wpJ6DrTPy7htppUUzskbCXQ==",
        "dependencies": {
          "Microsoft.Extensions.Primitives": "10.0.0"
        }
      },
      "Microsoft.Extensions.Configuration.Binder": {
        "type": "Transitive",
        "resolved": "10.0.0",
        "contentHash": "tMF9wNh+hlyYDWB8mrFCQHQmWHlRosol1b/N2Jrefy1bFLnuTlgSYmPyHNmz8xVQgs7DpXytBRWxGhG+mSTp0g==",
        "dependencies": {
          "Microsoft.Extensions.Configuration": "10.0.0",
          "Microsoft.Extensions.Configuration.Abstractions": "10.0.0"
        }
      },
      "Microsoft.Extensions.DependencyInjection.Abstractions": {
        "type": "Transitive",
        "resolved": "10.0.0",
        "contentHash": "L3AdmZ1WOK4XXT5YFPEwyt0ep6l8lGIPs7F5OOBZc77Zqeo01Of7XXICy47628sdVl0v/owxYJTe86DTgFwKCA=="
      },
      "Microsoft.Extensions.Diagnostics.Abstractions": {
        "type": "Transitive",
        "resolved": "10.0.0",
        "contentHash": "SfK89ytD61S7DgzorFljSkUeluC1ncn6dtZgwc0ot39f/BEYWBl5jpgvodxduoYAs1d9HG8faCDRZxE95UMo2A==",
        "dependencies": {
          "Microsoft.Extensions.DependencyInjection.Abstractions": "10.0.0",
          "Microsoft.Extensions.Options": "10.0.0"
        }
      },
      "Microsoft.Extensions.FileProviders.Abstractions": {
        "type": "Transitive",
        "resolved": "10.0.0",
        "contentHash": "/ppSdehKk3fuXjlqCDgSOtjRK/pSHU8eWgzSHfHdwVm5BP4Dgejehkw+PtxKG2j98qTDEHDst2Y99aNsmJldmw==",
        "dependencies": {
          "Microsoft.Extensions.Primitives": "10.0.0"
        }
      },
      "Microsoft.Extensions.Logging.Abstractions": {
        "type": "Transitive",
        "resolved": "10.0.0",
        "contentHash": "FU/IfjDfwaMuKr414SSQNTIti/69bHEMb+QKrskRb26oVqpx3lNFXMjs/RC9ZUuhBhcwDM2BwOgoMw+PZ+beqQ==",
        "dependencies": {
          "Microsoft.Extensions.DependencyInjection.Abstractions": "10.0.0"
        }
      },
      "Microsoft.Extensions.Options": {
        "type": "Transitive",
        "resolved": "10.0.0",
        "contentHash": "8oCAgXOow5XDrY9HaXX1QmH3ORsyZO/ANVHBlhLyCeWTH5Sg4UuqZeOTWJi6484M+LqSx0RqQXDJtdYy2BNiLQ==",
        "dependencies": {
          "Microsoft.Extensions.DependencyInjection.Abstractions": "10.0.0",
          "Microsoft.Extensions.Primitives": "10.0.0"
        }
      },
      "Microsoft.Extensions.Primitives": {
        "type": "Transitive",
        "resolved": "10.0.0",
        "contentHash": "inRnbpCS0nwO/RuoZIAqxQUuyjaknOOnCEZB55KSMMjRhl0RQDttSmLSGsUJN3RQ3ocf5NDLFd2mOQViHqMK5w=="
      },
      "NATS.Client.Abstractions": {
        "type": "Transitive",
        "resolved": "3.0.1",
        "contentHash": "uqpvjqHhlHIfuqtucpSanjZZ0XZV7enjPYxOxTW8BRE0epqGLEKlwb2990yH82QSuMreR+y04IhfgY0pjDxZ4A==",
        "dependencies": {
          "Microsoft.Extensions.Primitives": "6.0.0"
        }
      },
      "NATS.Client.Core": {
        "type": "Transitive",
        "resolved": "3.0.1",
        "contentHash": "QmBnIttS2cYof+13NYuPoJdymkzJCQWNftTGv2fwy2rGLFsBVkhpv1Lej2kXhdOdVic8gaaZsx7S3J8c1Ye/xA==",
        "dependencies": {
          "Microsoft.Extensions.Logging.Abstractions": "6.0.1",
          "Microsoft.Extensions.Primitives": "6.0.0",
          "NATS.Client.Abstractions": "3.0.1",
          "NATS.NKeys": "1.0.1"
        }
      },
      "NATS.Client.Hosting": {
        "type": "Transitive",
        "resolved": "3.0.1",
        "contentHash": "0nhUB7/3YD26LDPKjTYLLv+FmMmdYp5mHX84ZDqXuQJLsgs6PIoqeG0ZCN8mkHoi8aq0Lyv6i7o02ILyMZGxoA==",
        "dependencies": {
          "Microsoft.Extensions.Hosting.Abstractions": "8.0.0",
          "NATS.Client.Core": "3.0.1"
        }
      },
      "NATS.Client.JetStream": {
        "type": "Transitive",
        "resolved": "3.0.1",
        "contentHash": "pFwXvBBcPCxpItN8PfqYWjl8kYhkqrQwncAA1A8NuJiawo+DQHdUEQJ2e+y5k9b7e62ZOUdY1fGpgyjP04k0ng==",
        "dependencies": {
          "NATS.Client.Core": "3.0.1"
        }
      },
      "NATS.Client.KeyValueStore": {
        "type": "Transitive",
        "resolved": "3.0.1",
        "contentHash": "jvRdbF9qhxOYQmRRqddOUoAMwcABMEYdRneRe8aIhFGymcjockex3gGTXracYjaOZQFhS57ZpP+M1GFxgYr+tA==",
        "dependencies": {
          "NATS.Client.JetStream": "3.0.1"
        }
      },
      "NATS.Client.ObjectStore": {
        "type": "Transitive",
        "resolved": "3.0.1",
        "contentHash": "Blv7piRaXE2ovf4kOiTG0guyzWKC/YaZkwnQCUFXbNDq0jT+TmERS4uFirNl8Zmy7HZeeo8C2ZxvmhatiXWSNA==",
        "dependencies": {
          "NATS.Client.JetStream": "3.0.1"
        }
      },
      "NATS.Client.Serializers.Json": {
        "type": "Transitive",
        "resolved": "3.0.1",
        "contentHash": "JSZKXk35vqKjxyYhr9eJzzKPJ8wNVu4UwOtA/ZJHKAXaqfcFSZROJkYTK9dsVbWBtoBa8pRa2wsDnf4JuR0OYQ==",
        "dependencies": {
          "NATS.Client.Abstractions": "3.0.1"
        }
      },
      "NATS.Client.Services": {
        "type": "Transitive",
        "resolved": "3.0.1",
        "contentHash": "Ra3RwF/RD7BPvxv0E4Sl9PZChMu9gFaTx3aGVvaFvqYb1xXXw/uOkWCxpYZEqui261eQxMsa8lapT+TLRJDCVA==",
        "dependencies": {
          "NATS.Client.Core": "3.0.1"
        }
      },
      "NATS.Client.Simplified": {
        "type": "Transitive",
        "resolved": "3.0.1",
        "contentHash": "Iu3/mqGpFqMrAWVxrFdkHV6dR8HYDxyIGbio+JRiX1f02aYu1C24e7X9+HOP7vlFqmrwQMQTEzPWyQjyFL4cyw==",
        "dependencies": {
          "NATS.Client.Core": "3.0.1",
          "NATS.Client.Serializers.Json": "3.0.1"
        }
      },
      "NATS.Extensions.Microsoft.DependencyInjection": {
        "type": "Transitive",
        "resolved": "3.0.1",
        "contentHash": "FNdg0BmE9IMpuXoJjEh+EXTGL0r7EXAYZk5Z5JSfIpIv2/BYiuWdOsGVXExzlpXtqxK2LVRncYS+7elCcVOYvg==",
        "dependencies": {
          "Microsoft.Extensions.Hosting.Abstractions": "8.0.0",
          "Microsoft.Extensions.Options": "8.0.2",
          "NATS.Client.Simplified": "3.0.1"
        }
      },
      "NATS.NKeys": {
        "type": "Transitive",
        "resolved": "1.0.1",
        "contentHash": "xtURX0fexmMd10noG3Uc8gFgwaH7QLQxxgdaVoQKFo0+8a4blwe8vPGgY2S5pzeVYcRXyjlIoA4AR4JgtThyjQ=="
      },
      "smartmetrix.contracts": {
        "type": "Project",
        "dependencies": {
          "SmartMetrix.Domain": "[1.0.0, )"
        }
      },
      "smartmetrix.domain": {
        "type": "Project"
      }
    }
  }
}