{
  "version": 1,
  "dependencies": {
    "net10.0": {
      "NATS.Client.Abstractions": {
        "type": "Transitive",
        "resolved": "3.0.1",
        "contentHash": "uqpvjqHhlHIfuqtucpSanjZZ0XZV7enjPYxOxTW8BRE0epqGLEKlwb2990yH82QSuMreR+y04IhfgY0pjDxZ4A=="
      },
      "NATS.Client.Core": {
        "type": "Transitive",
        "resolved": "3.0.1",
        "contentHash": "QmBnIttS2cYof+13NYuPoJdymkzJCQWNftTGv2fwy2rGLFsBVkhpv1Lej2kXhdOdVic8gaaZsx7S3J8c1Ye/xA==",
        "dependencies": {
          "NATS.Client.Abstractions": "3.0.1",
          "NATS.NKeys": "1.0.1"
        }
      },
      "NATS.Client.Hosting": {
        "type": "Transitive",
        "resolved": "3.0.1",
        "contentHash": "0nhUB7/3YD26LDPKjTYLLv+FmMmdYp5mHX84ZDqXuQJLsgs6PIoqeG0ZCN8mkHoi8aq0Lyv6i7o02ILyMZGxoA==",
        "dependencies": {
          "NATS.Client.Core": "3.0.1"
        }
      },
      "NATS.Client.JetStream": {
        "type": "Transitive",
        "resolved": "3.0.1",
        "contentHash": "pFwXvBBcPCxpItN8PfqYWjl8kYhkqrQwncAA1A8NuJiawo+DQHdUEQJ2e+y5k9b7e62ZOUdY1fGpgyjP04k0ng==",
        "dependencies": {
          "NATS.Client.Core": "3.0.1"
        }
      },
      "NATS.Client.KeyValueStore": {
        "type": "Transitive",
        "resolved": "3.0.1",
        "contentHash": "jvRdbF9qhxOYQmRRqddOUoAMwcABMEYdRneRe8aIhFGymcjockex3gGTXracYjaOZQFhS57ZpP+M1GFxgYr+tA==",
        "dependencies": {
          "NATS.Client.JetStream": "3.0.1"
        }
      },
      "NATS.Client.ObjectStore": {
        "type": "Transitive",
        "resolved": "3.0.1",
        "contentHash": "Blv7piRaXE2ovf4kOiTG0guyzWKC/YaZkwnQCUFXbNDq0jT+TmERS4uFirNl8Zmy7HZeeo8C2ZxvmhatiXWSNA==",
        "dependencies": {
          "NATS.Client.JetStream": "3.0.1"
        }
      },
      "NATS.Client.Serializers.Json": {
        "type": "Transitive",
        "resolved": "3.0.1",
        "contentHash": "JSZKXk35vqKjxyYhr9eJzzKPJ8wNVu4UwOtA/ZJHKAXaqfcFSZROJkYTK9dsVbWBtoBa8pRa2wsDnf4JuR0OYQ==",
        "dependencies": {
          "NATS.Client.Abstractions": "3.0.1"
        }
      },
      "NATS.Client.Services": {
        "type": "Transitive",
        "resolved": "3.0.1",
        "contentHash": "Ra3RwF/RD7BPvxv0E4Sl9PZChMu9gFaTx3aGVvaFvqYb1xXXw/uOkWCxpYZEqui261eQxMsa8lapT+TLRJDCVA==",
        "dependencies": {
          "NATS.Client.Core": "3.0.1"
        }
      },
      "NATS.Client.Simplified": {
        "type": "Transitive",
        "resolved": "3.0.1",
        "contentHash": "Iu3/mqGpFqMrAWVxrFdkHV6dR8HYDxyIGbio+JRiX1f02aYu1C24e7X9+HOP7vlFqmrwQMQTEzPWyQjyFL4cyw==",
        "dependencies": {
          "NATS.Client.Core": "3.0.1",
          "NATS.Client.Serializers.Json": "3.0.1"
        }
      },
      "NATS.Extensions.Microsoft.DependencyInjection": {
        "type": "Transitive",
        "resolved": "3.0.1",
        "contentHash": "FNdg0BmE9IMpuXoJjEh+EXTGL0r7EXAYZk5Z5JSfIpIv2/BYiuWdOsGVXExzlpXtqxK2LVRncYS+7elCcVOYvg==",
        "dependencies": {
          "NATS.Client.Simplified": "3.0.1"
        }
      },
      "NATS.Net": {
        "type": "Transitive",
        "resolved": "3.0.1",
        "contentHash": "EMVo1u6WlaG5i5ncTdh6ez55TCgcgG4M7G2mXMa3KUKf0aDEYl3RZ0NTYwxlXKgZzVf0bboaM27KEylw8SMZ6w==",
        "dependencies": {
          "NATS.Client.Core": "3.0.1",
          "NATS.Client.Hosting": "3.0.1",
          "NATS.Client.JetStream": "3.0.1",
          "NATS.Client.KeyValueStore": "3.0.1",
          "NATS.Client.ObjectStore": "3.0.1",
          "NATS.Client.Serializers.Json": "3.0.1",
          "NATS.Client.Services": "3.0.1",
          "NATS.Client.Simplified": "3.0.1",
          "NATS.Extensions.Microsoft.DependencyInjection": "3.0.1"
        }
      },
      "NATS.NKeys": {
        "type": "Transitive",
        "resolved": "1.0.1",
        "contentHash": "xtURX0fexmMd10noG3Uc8gFgwaH7QLQxxgdaVoQKFo0+8a4blwe8vPGgY2S5pzeVYcRXyjlIoA4AR4JgtThyjQ=="
      },
      "OpenTelemetry": {
        "type": "Transitive",
        "resolved": "1.17.0",
        "contentHash": "rMLOTftlMlTm7+MSrvXDHnJRjVkROFNKXHZrYjOsX+LankaFG7QSflx7qRRGjoqZoirohnxmJQ7GEb9occO4Gg==",
        "dependencies": {
          "OpenTelemetry.Api.ProviderBuilderExtensions": "1.17.0"
        }
      },
      "OpenTelemetry.Api": {
        "type": "Transitive",
        "resolved": "1.17.0",
        "contentHash": "mSBxzomZgHIJu9CyVNqyDu/n2JHEtqVgfcCD1Br0cV5iLYogjZOMqhlVLt99PEp+0KGBNUR3GXgeOdN2GR3F9g=="
      },
      "OpenTelemetry.Api.ProviderBuilderExtensions": {
        "type": "Transitive",
        "resolved": "1.17.0",
        "contentHash": "Xgc3Qf9B9TFMFpx6exTdGqMWuYIT2miNzkdMPutVvT9YuMFaEovXWke1Gb6z8NxYaQbbGF38vYLuSg1JCeui5Q==",
        "dependencies": {
          "OpenTelemetry.Api": "1.17.0"
        }
      },
      "OpenTelemetry.Exporter.OpenTelemetryProtocol": {
        "type": "Transitive",
        "resolved": "1.17.0",
        "contentHash": "R1omQOrQpGlS0Cp5UIr/TAiuEA48JrPlgr1NPV5gESiTU7HhWU+ILe2EBSYb1fKdsSavZ7nZkHcUxAzofPqr2A==",
        "dependencies": {
          "OpenTelemetry": "1.17.0"
        }
      },
      "OpenTelemetry.Extensions.Hosting": {
        "type": "Transitive",
        "resolved": "1.17.0",
        "contentHash": "t1OwL/4qgboGMobYVT+UV5zgWnFqCp4Pw8lcsmzh8m2K8PQsTKkyxrC32tqYTMYny3GOW4q5cltE3dTVzLmRew==",
        "dependencies": {
          "OpenTelemetry": "1.17.0"
        }
      },
      "OpenTelemetry.Instrumentation.AspNetCore": {
        "type": "Transitive",
        "resolved": "1.17.0",
        "contentHash": "rGbmk1vuy1kvgZmE0ps7Vb99YZvDap6AalrrF60FwnNit1uW/PbeFZj1cpb0T8MPkYmjhBrRJ1/JB6QqXkRjHA==",
        "dependencies": {
          "OpenTelemetry.Api.ProviderBuilderExtensions": "[1.17.0, 2.0.0)"
        }
      },
      "OpenTelemetry.Instrumentation.Http": {
        "type": "Transitive",
        "resolved": "1.17.0",
        "contentHash": "uTwVtxIJ/xB96wGYTaDsbkJVeCFdUxTwvrlDUn2YJixy0UuKc8DvQMzwKNJMTzNFiiyYO9c40id6tUHTmWs33A==",
        "dependencies": {
          "OpenTelemetry.Api.ProviderBuilderExtensions": "[1.17.0, 2.0.0)"
        }
      },
      "OpenTelemetry.Instrumentation.Runtime": {
        "type": "Transitive",
        "resolved": "1.17.0",
        "contentHash": "HyYenisDn/xdtyVXdjImsCl+RNC2gq01N0rvSR7tsYAylXR2sxX/YgMsyTajMXA27+r1vB7lNU8cWRhV0fwL+Q==",
        "dependencies": {
          "OpenTelemetry.Api": "[1.17.0, 2.0.0)"
        }
      },
      "smartmetrix.contracts": {
        "type": "Project",
        "dependencies": {
          "SmartMetrix.Domain": "[1.0.0, )"
        }
      },
      "smartmetrix.domain": {
        "type": "Project"
      },
      "smartmetrix.messaging": {
        "type": "Project",
        "dependencies": {
          "NATS.Net": "[3.0.1, )",
          "SmartMetrix.Contracts": "[1.0.0, )"
        }
      },
      "smartmetrix.servicedefaults": {
        "type": "Project",
        "dependencies": {
          "OpenTelemetry.Exporter.OpenTelemetryProtocol": "[1.17.0, )",
          "OpenTelemetry.Extensions.Hosting": "[1.17.0, )",
          "OpenTelemetry.Instrumentation.AspNetCore": "[1.17.0, )",
          "OpenTelemetry.Instrumentation.Http": "[1.17.0, )",
          "OpenTelemetry.Instrumentation.Runtime": "[1.17.0, )"
        }
      }
    }
  }
}